<?xml version="1.0" encoding="utf-8"?>
<Project ToolsVersion="4.0" xmlns="http://schemas.microsoft.com/developer/msbuild/2003">
  <ItemGroup>
    <Filter Include="Source Files">
      <UniqueIdentifier>{4FC737F1-C7A5-4376-A066-2A32D752A2FF}</UniqueIdentifier>
      <Extensions>cpp;c;cc;cxx;c++;cppm;ixx;def;odl;idl;hpj;bat;asm;asmx</Extensions>
    </Filter>
    <Filter Include="Header Files">
      <UniqueIdentifier>{93995380-89BD-4b04-88EB-625FBE52EBFB}</UniqueIdentifier>
      <Extensions>h;hh;hpp;hxx;h++;hm;inl;inc;ipp;xsd</Extensions>
    </Filter>
    <Filter Include="Resource Files">
      <UniqueIdentifier>{67DA6AB6-F800-4c08-8B7A-83BB121AAD01}</UniqueIdentifier>
      <Extensions>rc;ico;cur;bmp;dlg;rc2;rct;bin;rgs;gif;jpg;jpeg;jpe;resx;tiff;tif;png;wav;mfcribbon-ms</Extensions>
    </Filter>
    <Filter Include="Source Files\auth">
      <UniqueIdentifier>{19ff98f6-6341-41ee-9707-3cda8024cdf7}</UniqueIdentifier>
    </Filter>
    <Filter Include="Source Files\pages">
      <UniqueIdentifier>{84dbc112-0215-4fa9-8ec2-fc91e2ac38bb}</UniqueIdentifier>
    </Filter>
    <Filter Include="Header Files\auth">
      <UniqueIdentifier>{37977e67-a346-4740-b167-8f29690705c8}</UniqueIdentifier>
    </Filter>
    <Filter Include="Header Files\pages">
      <UniqueIdentifier>{07ba9d9d-a10c-477b-8d77-85823baf02fe}</UniqueIdentifier>
    </Filter>
  </ItemGroup>
  <ItemGroup>
    <ClInclude Include="include\pages\adminDashboard.h">
      <Filter>Header Files\pages</Filter>
    </ClInclude>
    <ClInclude Include="include\auth\login.h">
      <Filter>Header Files\auth</Filter>
    </ClInclude>
    <ClInclude Include="include\pages\mainMenu.h">
      <Filter>Header Files\pages</Filter>
    </ClInclude>
    <ClInclude Include="include\auth\registerAdmin.h">
      <Filter>Header Files\auth</Filter>
    </ClInclude>
    <ClInclude Include="include\auth\registerUser.h">
      <Filter>Header Files\auth</Filter>
    </ClInclude>
    <ClInclude Include="include\pages\userDashboard.h">
      <Filter>Header Files\pages</Filter>
    </ClInclude>
  </ItemGroup>
  <ItemGroup>
    <ClCompile Include="src\auth\registerAdmin.cpp">
      <Filter>Source Files\auth</Filter>
    </ClCompile>
    <ClCompile Include="src\auth\registerUser.cpp">
      <Filter>Source Files\auth</Filter>
    </ClCompile>
    <ClCompile Include="src\auth\login.cpp">
      <Filter>Source Files\auth</Filter>
    </ClCompile>
    <ClCompile Include="src\pages\adminDashboard.cpp">
      <Filter>Source Files\pages</Filter>
    </ClCompile>
    <ClCompile Include="src\pages\mainMenu.cpp">
      <Filter>Source Files\pages</Filter>
    </ClCompile>
    <ClCompile Include="src\pages\userDashboard.cpp">
      <Filter>Source Files\pages</Filter>
    </ClCompile>
  </ItemGroup>
</Project>